
Microsoft Visual Studio Solution File, Format Version 12.00
# Visual Studio Version 16
VisualStudioVersion = 16.0.29411.108
MinimumVisualStudioVersion = 10.0.40219.1
Project("{FAE04EC0-301F-11D3-BF4B-00C04F79EFBC}") = "User", "User\User.csproj", "{16F1D4CB-A1F3-4FCA-8BC3-2AF253E97015}"
EndProject
Global
	GlobalSection(SolutionConfigurationPlatforms) = preSolution
		Debug|Any CPU = Debug|Any CPU
		Release|Any CPU = Release|Any CPU
	EndGlobalSection
	GlobalSection(ProjectConfigurationPlatforms) = postSolution
		{16F1D4CB-A1F3-4FCA-8BC3-2AF253E97015}.Debug|Any CPU.ActiveCfg = Debug|Any CPU
		{16F1D4CB-A1F3-4FCA-8BC3-2AF253E97015}.Debug|Any CPU.Build.0 = Debug|Any CPU
		{16F1D4CB-A1F3-4FCA-8BC3-2AF253E97015}.Release|Any CPU.ActiveCfg = Release|Any CPU
		{16F1D4CB-A1F3-4FCA-8BC3-2AF253E97015}.Release|Any CPU.Build.0 = Release|Any CPU
	EndGlobalSection
	GlobalSection(SolutionProperties) = preSolution
		HideSolutionNode = FALSE
	EndGlobalSection
	GlobalSection(ExtensibilityGlobals) = postSolution
		SolutionGuid = {71A5D93C-3EE3-4777-9E54-6326DDACB6E3}
	EndGlobalSection
EndGlobal
